
Microsoft Visual Studio Solution File, Format Version 12.00
# Visual Studio Version 16
VisualStudioVersion = 16.0.32106.194
MinimumVisualStudioVersion = 10.0.40219.1
Project("{FAE04EC0-301F-11D3-BF4B-00C04F79EFBC}") = "HumanResourcesProject", "HumanResourcesProject\HumanResourcesProject.csproj", "{5229CB24-B291-4DB1-AF55-FC6CA17FB15A}"
EndProject
Global
	GlobalSection(SolutionConfigurationPlatforms) = preSolution
		Debug|Any CPU = Debug|Any CPU
		Release|Any CPU = Release|Any CPU
	EndGlobalSection
	GlobalSection(ProjectConfigurationPlatforms) = postSolution
		{5229CB24-B291-4DB1-AF55-FC6CA17FB15A}.Debug|Any CPU.ActiveCfg = Debug|Any CPU
		{5229CB24-B291-4DB1-AF55-FC6CA17FB15A}.Debug|Any CPU.Build.0 = Debug|Any CPU
		{5229CB24-B291-4DB1-AF55-FC6CA17FB15A}.Release|Any CPU.ActiveCfg = Release|Any CPU
		{5229CB24-B291-4DB1-AF55-FC6CA17FB15A}.Release|Any CPU.Build.0 = Release|Any CPU
	EndGlobalSection
	GlobalSection(SolutionProperties) = preSolution
		HideSolutionNode = FALSE
	EndGlobalSection
	GlobalSection(ExtensibilityGlobals) = postSolution
		SolutionGuid = {659DD954-CD81-41D1-B3DD-B58F728C71A5}
	EndGlobalSection
EndGlobal
